
Microsoft Visual Studio Solution File, Format Version 12.00
# Visual Studio Version 17
VisualStudioVersion = 17.7.34031.279
MinimumVisualStudioVersion = 10.0.40219.1
Project("{9A19103F-16F7-4668-BE54-9A1E7A4F7556}") = "trasua_web_mvc", "trasua_web_mvc.csproj", "{0879ABBD-DBBB-438A-ABAB-F2638DF4AEFC}"
EndProject
Global
	GlobalSection(SolutionConfigurationPlatforms) = preSolution
		Debug|Any CPU = Debug|Any CPU
		Release|Any CPU = Release|Any CPU
	EndGlobalSection
	GlobalSection(ProjectConfigurationPlatforms) = postSolution
		{0879ABBD-DBBB-438A-ABAB-F2638DF4AEFC}.Debug|Any CPU.ActiveCfg = Debug|Any CPU
		{0879ABBD-DBBB-438A-ABAB-F2638DF4AEFC}.Debug|Any CPU.Build.0 = Debug|Any CPU
		{0879ABBD-DBBB-438A-ABAB-F2638DF4AEFC}.Release|Any CPU.ActiveCfg = Release|Any CPU
		{0879ABBD-DBBB-438A-ABAB-F2638DF4AEFC}.Release|Any CPU.Build.0 = Release|Any CPU
	EndGlobalSection
	GlobalSection(SolutionProperties) = preSolution
		HideSolutionNode = FALSE
	EndGlobalSection
	GlobalSection(ExtensibilityGlobals) = postSolution
		SolutionGuid = {C3204BFC-D42A-4CC1-BF08-CD491061628E}
	EndGlobalSection
EndGlobal
